
Microsoft Visual Studio Solution File, Format Version 12.00
# Visual Studio Version 17
VisualStudioVersion = 17.0.32014.148
MinimumVisualStudioVersion = 10.0.40219.1
Project("{FAE04EC0-301F-11D3-BF4B-00C04F79EFBC}") = "Parser", "Parser\Parser.csproj", "{B106BAAD-7D88-491D-AE07-75CB3205915E}"
EndProject
Global
	GlobalSection(SolutionConfigurationPlatforms) = preSolution
		Debug|Any CPU = Debug|Any CPU
		Release|Any CPU = Release|Any CPU
	EndGlobalSection
	GlobalSection(ProjectConfigurationPlatforms) = postSolution
		{B106BAAD-7D88-491D-AE07-75CB3205915E}.Debug|Any CPU.ActiveCfg = Debug|Any CPU
		{B106BAAD-7D88-491D-AE07-75CB3205915E}.Debug|Any CPU.Build.0 = Debug|Any CPU
		{B106BAAD-7D88-491D-AE07-75CB3205915E}.Release|Any CPU.ActiveCfg = Release|Any CPU
		{B106BAAD-7D88-491D-AE07-75CB3205915E}.Release|Any CPU.Build.0 = Release|Any CPU
	EndGlobalSection
	GlobalSection(SolutionProperties) = preSolution
		HideSolutionNode = FALSE
	EndGlobalSection
	GlobalSection(ExtensibilityGlobals) = postSolution
		SolutionGuid = {3D479199-2F1F-49A7-889E-BF794966E7B0}
	EndGlobalSection
EndGlobal
